
Microsoft Visual Studio Solution File, Format Version 12.00
# Visual Studio Version 17
VisualStudioVersion = 17.0.31903.59
MinimumVisualStudioVersion = 10.0.40219.1
Project("{2150E333-8FDC-42A3-9474-1A3956D46DE8}") = "src", "src", "{827E0CD3-B72D-47B6-A68D-7590B98EB39B}"
EndProject
Project("{FAE04EC0-301F-11D3-BF4B-00C04F79EFBC}") = "VidShrink.Core", "src\VidShrink.Core\VidShrink.Core.csproj", "{748BD36E-7135-4B14-8505-BE711351348D}"
EndProject
Project("{FAE04EC0-301F-11D3-BF4B-00C04F79EFBC}") = "VidShrink.Ffmpeg", "src\VidShrink.Ffmpeg\VidShrink.Ffmpeg.csproj", "{A1FC03DD-2401-48FC-8E67-650D1F0C9EF0}"
EndProject
Project("{FAE04EC0-301F-11D3-BF4B-00C04F79EFBC}") = "VidShrink.App", "src\VidShrink.App\VidShrink.App.csproj", "{F49D18E9-1F67-4486-A99A-CA09FC4C8594}"
EndProject
Project("{FAE04EC0-301F-11D3-BF4B-00C04F79EFBC}") = "VidShrink.Tests", "tests\VidShrink.Tests\VidShrink.Tests.csproj", "{A6F27B6B-A2DA-4B27-87F6-8F0D8D9DB778}"
EndProject
Project("{FAE04EC0-301F-11D3-BF4B-00C04F79EFBC}") = "VidShrink.Bench", "tools\VidShrink.Bench\VidShrink.Bench.csproj", "{28138B00-CF98-44D4-9578-5B6BF8AE8073}"
EndProject
Project("{2150E333-8FDC-42A3-9474-1A3956D46DE8}") = "tools", "tools", "{4589BB40-0033-4B6B-829D-5D80541CF2F1}"
EndProject
Project("{FAE04EC0-301F-11D3-BF4B-00C04F79EFBC}") = "VidShrink.Manifest", "tools\VidShrink.Manifest\VidShrink.Manifest.csproj", "{8E041330-B0A1-4DC8-B778-1FFAC8D16B84}"
EndProject
Project("{FAE04EC0-301F-11D3-BF4B-00C04F79EFBC}") = "VidShrink.Launcher", "src\VidShrink.Launcher\VidShrink.Launcher.csproj", "{EA1960A7-7D03-4FEC-9A92-E36C186483EA}"
EndProject
Project("{FAE04EC0-301F-11D3-BF4B-00C04F79EFBC}") = "VidShrink.SplashGen", "tools\VidShrink.SplashGen\VidShrink.SplashGen.csproj", "{2A7838C3-3DBE-406B-AB2B-2E1F7148A4C1}"
EndProject
Global
	GlobalSection(SolutionConfigurationPlatforms) = preSolution
		Debug|Any CPU = Debug|Any CPU
		Debug|x64 = Debug|x64
		Debug|x86 = Debug|x86
		Release|Any CPU = Release|Any CPU
		Release|x64 = Release|x64
		Release|x86 = Release|x86
	EndGlobalSection
	GlobalSection(ProjectConfigurationPlatforms) = postSolution
		{748BD36E-7135-4B14-8505-BE711351348D}.Debug|Any CPU.ActiveCfg = Debug|Any CPU
		{748BD36E-7135-4B14-8505-BE711351348D}.Debug|Any CPU.Build.0 = Debug|Any CPU
		{748BD36E-7135-4B14-8505-BE711351348D}.Debug|x64.ActiveCfg = Debug|Any CPU
		{748BD36E-7135-4B14-8505-BE711351348D}.Debug|x64.Build.0 = Debug|Any CPU
		{748BD36E-7135-4B14-8505-BE711351348D}.Debug|x86.ActiveCfg = Debug|Any CPU
		{748BD36E-7135-4B14-8505-BE711351348D}.Debug|x86.Build.0 = Debug|Any CPU
		{748BD36E-7135-4B14-8505-BE711351348D}.Release|Any CPU.ActiveCfg = Release|Any CPU
		{748BD36E-7135-4B14-8505-BE711351348D}.Release|Any CPU.Build.0 = Release|Any CPU
		{748BD36E-7135-4B14-8505-BE711351348D}.Release|x64.ActiveCfg = Release|Any CPU
		{748BD36E-7135-4B14-8505-BE711351348D}.Release|x64.Build.0 = Release|Any CPU
		{748BD36E-7135-4B14-8505-BE711351348D}.Release|x86.ActiveCfg = Release|Any CPU
		{748BD36E-7135-4B14-8505-BE711351348D}.Release|x86.Build.0 = Release|Any CPU
		{A1FC03DD-2401-48FC-8E67-650D1F0C9EF0}.Debug|Any CPU.ActiveCfg = Debug|Any CPU
		{A1FC03DD-2401-48FC-8E67-650D1F0C9EF0}.Debug|Any CPU.Build.0 = Debug|Any CPU
		{A1FC03DD-2401-48FC-8E67-650D1F0C9EF0}.Debug|x64.ActiveCfg = Debug|Any CPU
		{A1FC03DD-2401-48FC-8E67-650D1F0C9EF0}.Debug|x64.Build.0 = Debug|Any CPU
		{A1FC03DD-2401-48FC-8E67-650D1F0C9EF0}.Debug|x86.ActiveCfg = Debug|Any CPU
		{A1FC03DD-2401-48FC-8E67-650D1F0C9EF0}.Debug|x86.Build.0 = Debug|Any CPU
		{A1FC03DD-2401-48FC-8E67-650D1F0C9EF0}.Release|Any CPU.ActiveCfg = Release|Any CPU
		{A1FC03DD-2401-48FC-8E67-650D1F0C9EF0}.Release|Any CPU.Build.0 = Release|Any CPU
		{A1FC03DD-2401-48FC-8E67-650D1F0C9EF0}.Release|x64.ActiveCfg = Release|Any CPU
		{A1FC03DD-2401-48FC-8E67-650D1F0C9EF0}.Release|x64.Build.0 = Release|Any CPU
		{A1FC03DD-2401-48FC-8E67-650D1F0C9EF0}.Release|x86.ActiveCfg = Release|Any CPU
		{A1FC03DD-2401-48FC-8E67-650D1F0C9EF0}.Release|x86.Build.0 = Release|Any CPU
		{F49D18E9-1F67-4486-A99A-CA09FC4C8594}.Debug|Any CPU.ActiveCfg = Debug|Any CPU
		{F49D18E9-1F67-4486-A99A-CA09FC4C8594}.Debug|Any CPU.Build.0 = Debug|Any CPU
		{F49D18E9-1F67-4486-A99A-CA09FC4C8594}.Debug|x64.ActiveCfg = Debug|Any CPU
		{F49D18E9-1F67-4486-A99A-CA09FC4C8594}.Debug|x64.Build.0 = Debug|Any CPU
		{F49D18E9-1F67-4486-A99A-CA09FC4C8594}.Debug|x86.ActiveCfg = Debug|Any CPU
		{F49D18E9-1F67-4486-A99A-CA09FC4C8594}.Debug|x86.Build.0 = Debug|Any CPU
		{F49D18E9-1F67-4486-A99A-CA09FC4C8594}.Release|Any CPU.ActiveCfg = Release|Any CPU
		{F49D18E9-1F67-4486-A99A-CA09FC4C8594}.Release|Any CPU.Build.0 = Release|Any CPU
		{F49D18E9-1F67-4486-A99A-CA09FC4C8594}.Release|x64.ActiveCfg = Release|Any CPU
		{F49D18E9-1F67-4486-A99A-CA09FC4C8594}.Release|x64.Build.0 = Release|Any CPU
		{F49D18E9-1F67-4486-A99A-CA09FC4C8594}.Release|x86.ActiveCfg = Release|Any CPU
		{F49D18E9-1F67-4486-A99A-CA09FC4C8594}.Release|x86.Build.0 = Release|Any CPU
		{A6F27B6B-A2DA-4B27-87F6-8F0D8D9DB778}.Debug|Any CPU.ActiveCfg = Debug|Any CPU
		{A6F27B6B-A2DA-4B27-87F6-8F0D8D9DB778}.Debug|Any CPU.Build.0 = Debug|Any CPU
		{A6F27B6B-A2DA-4B27-87F6-8F0D8D9DB778}.Debug|x64.ActiveCfg = Debug|Any CPU
		{A6F27B6B-A2DA-4B27-87F6-8F0D8D9DB778}.Debug|x64.Build.0 = Debug|Any CPU
		{A6F27B6B-A2DA-4B27-87F6-8F0D8D9DB778}.Debug|x86.ActiveCfg = Debug|Any CPU
		{A6F27B6B-A2DA-4B27-87F6-8F0D8D9DB778}.Debug|x86.Build.0 = Debug|Any CPU
		{A6F27B6B-A2DA-4B27-87F6-8F0D8D9DB778}.Release|Any CPU.ActiveCfg = Release|Any CPU
		{A6F27B6B-A2DA-4B27-87F6-8F0D8D9DB778}.Release|Any CPU.Build.0 = Release|Any CPU
		{A6F27B6B-A2DA-4B27-87F6-8F0D8D9DB778}.Release|x64.ActiveCfg = Release|Any CPU
		{A6F27B6B-A2DA-4B27-87F6-8F0D8D9DB778}.Release|x64.Build.0 = Release|Any CPU
		{A6F27B6B-A2DA-4B27-87F6-8F0D8D9DB778}.Release|x86.ActiveCfg = Release|Any CPU
		{A6F27B6B-A2DA-4B27-87F6-8F0D8D9DB778}.Release|x86.Build.0 = Release|Any CPU
		{28138B00-CF98-44D4-9578-5B6BF8AE8073}.Debug|Any CPU.ActiveCfg = Debug|Any CPU
		{28138B00-CF98-44D4-9578-5B6BF8AE8073}.Debug|Any CPU.Build.0 = Debug|Any CPU
		{28138B00-CF98-44D4-9578-5B6BF8AE8073}.Debug|x64.ActiveCfg = Debug|Any CPU
		{28138B00-CF98-44D4-9578-5B6BF8AE8073}.Debug|x64.Build.0 = Debug|Any CPU
		{28138B00-CF98-44D4-9578-5B6BF8AE8073}.Debug|x86.ActiveCfg = Debug|Any CPU
		{28138B00-CF98-44D4-9578-5B6BF8AE8073}.Debug|x86.Build.0 = Debug|Any CPU
		{28138B00-CF98-44D4-9578-5B6BF8AE8073}.Release|Any CPU.ActiveCfg = Release|Any CPU
		{28138B00-CF98-44D4-9578-5B6BF8AE8073}.Release|Any CPU.Build.0 = Release|Any CPU
		{28138B00-CF98-44D4-9578-5B6BF8AE8073}.Release|x64.ActiveCfg = Release|Any CPU
		{28138B00-CF98-44D4-9578-5B6BF8AE8073}.Release|x64.Build.0 = Release|Any CPU
		{28138B00-CF98-44D4-9578-5B6BF8AE8073}.Release|x86.ActiveCfg = Release|Any CPU
		{28138B00-CF98-44D4-9578-5B6BF8AE8073}.Release|x86.Build.0 = Release|Any CPU
		{8E041330-B0A1-4DC8-B778-1FFAC8D16B84}.Debug|Any CPU.ActiveCfg = Debug|Any CPU
		{8E041330-B0A1-4DC8-B778-1FFAC8D16B84}.Debug|Any CPU.Build.0 = Debug|Any CPU
		{8E041330-B0A1-4DC8-B778-1FFAC8D16B84}.Debug|x64.ActiveCfg = Debug|Any CPU
		{8E041330-B0A1-4DC8-B778-1FFAC8D16B84}.Debug|x64.Build.0 = Debug|Any CPU
		{8E041330-B0A1-4DC8-B778-1FFAC8D16B84}.Debug|x86.ActiveCfg = Debug|Any CPU
		{8E041330-B0A1-4DC8-B778-1FFAC8D16B84}.Debug|x86.Build.0 = Debug|Any CPU
		{8E041330-B0A1-4DC8-B778-1FFAC8D16B84}.Release|Any CPU.ActiveCfg = Release|Any CPU
		{8E041330-B0A1-4DC8-B778-1FFAC8D16B84}.Release|Any CPU.Build.0 = Release|Any CPU
		{8E041330-B0A1-4DC8-B778-1FFAC8D16B84}.Release|x64.ActiveCfg = Release|Any CPU
		{8E041330-B0A1-4DC8-B778-1FFAC8D16B84}.Release|x64.Build.0 = Release|Any CPU
		{8E041330-B0A1-4DC8-B778-1FFAC8D16B84}.Release|x86.ActiveCfg = Release|Any CPU
		{8E041330-B0A1-4DC8-B778-1FFAC8D16B84}.Release|x86.Build.0 = Release|Any CPU
		{EA1960A7-7D03-4FEC-9A92-E36C186483EA}.Debug|Any CPU.ActiveCfg = Debug|Any CPU
		{EA1960A7-7D03-4FEC-9A92-E36C186483EA}.Debug|Any CPU.Build.0 = Debug|Any CPU
		{EA1960A7-7D03-4FEC-9A92-E36C186483EA}.Debug|x64.ActiveCfg = Debug|Any CPU
		{EA1960A7-7D03-4FEC-9A92-E36C186483EA}.Debug|x64.Build.0 = Debug|Any CPU
		{EA1960A7-7D03-4FEC-9A92-E36C186483EA}.Debug|x86.ActiveCfg = Debug|Any CPU
		{EA1960A7-7D03-4FEC-9A92-E36C186483EA}.Debug|x86.Build.0 = Debug|Any CPU
		{EA1960A7-7D03-4FEC-9A92-E36C186483EA}.Release|Any CPU.ActiveCfg = Release|Any CPU
		{EA1960A7-7D03-4FEC-9A92-E36C186483EA}.Release|Any CPU.Build.0 = Release|Any CPU
		{EA1960A7-7D03-4FEC-9A92-E36C186483EA}.Release|x64.ActiveCfg = Release|Any CPU
		{EA1960A7-7D03-4FEC-9A92-E36C186483EA}.Release|x64.Build.0 = Release|Any CPU
		{EA1960A7-7D03-4FEC-9A92-E36C186483EA}.Release|x86.ActiveCfg = Release|Any CPU
		{EA1960A7-7D03-4FEC-9A92-E36C186483EA}.Release|x86.Build.0 = Release|Any CPU
		{2A7838C3-3DBE-406B-AB2B-2E1F7148A4C1}.Debug|Any CPU.ActiveCfg = Debug|Any CPU
		{2A7838C3-3DBE-406B-AB2B-2E1F7148A4C1}.Debug|Any CPU.Build.0 = Debug|Any CPU
		{2A7838C3-3DBE-406B-AB2B-2E1F7148A4C1}.Debug|x64.ActiveCfg = Debug|Any CPU
		{2A7838C3-3DBE-406B-AB2B-2E1F7148A4C1}.Debug|x64.Build.0 = Debug|Any CPU
		{2A7838C3-3DBE-406B-AB2B-2E1F7148A4C1}.Debug|x86.ActiveCfg = Debug|Any CPU
		{2A7838C3-3DBE-406B-AB2B-2E1F7148A4C1}.Debug|x86.Build.0 = Debug|Any CPU
		{2A7838C3-3DBE-406B-AB2B-2E1F7148A4C1}.Release|Any CPU.ActiveCfg = Release|Any CPU
		{2A7838C3-3DBE-406B-AB2B-2E1F7148A4C1}.Release|Any CPU.Build.0 = Release|Any CPU
		{2A7838C3-3DBE-406B-AB2B-2E1F7148A4C1}.Release|x64.ActiveCfg = Release|Any CPU
		{2A7838C3-3DBE-406B-AB2B-2E1F7148A4C1}.Release|x64.Build.0 = Release|Any CPU
		{2A7838C3-3DBE-406B-AB2B-2E1F7148A4C1}.Release|x86.ActiveCfg = Release|Any CPU
		{2A7838C3-3DBE-406B-AB2B-2E1F7148A4C1}.Release|x86.Build.0 = Release|Any CPU
	EndGlobalSection
	GlobalSection(SolutionProperties) = preSolution
		HideSolutionNode = FALSE
	EndGlobalSection
	GlobalSection(NestedProjects) = preSolution
		{748BD36E-7135-4B14-8505-BE711351348D} = {827E0CD3-B72D-47B6-A68D-7590B98EB39B}
		{A1FC03DD-2401-48FC-8E67-650D1F0C9EF0} = {827E0CD3-B72D-47B6-A68D-7590B98EB39B}
		{F49D18E9-1F67-4486-A99A-CA09FC4C8594} = {827E0CD3-B72D-47B6-A68D-7590B98EB39B}
		{8E041330-B0A1-4DC8-B778-1FFAC8D16B84} = {4589BB40-0033-4B6B-829D-5D80541CF2F1}
		{EA1960A7-7D03-4FEC-9A92-E36C186483EA} = {827E0CD3-B72D-47B6-A68D-7590B98EB39B}
		{2A7838C3-3DBE-406B-AB2B-2E1F7148A4C1} = {4589BB40-0033-4B6B-829D-5D80541CF2F1}
	EndGlobalSection
EndGlobal
